{
  "object": {
    "pins": [
      {
        "package": "CryptoSwift",
        "repositoryURL": "https://github.com/krzyzanowskim/CryptoSwift",
        "state": {
          "branch": null,
          "revision": "39f08ac5269361a50c08ce1e2f41989bfc4b1ec8",
          "version": "1.3.1"
        }
      },
      {
        "package": "KeychainAccess",
        "repositoryURL": "https://github.com/kishikawakatsumi/KeychainAccess",
        "state": {
          "branch": null,
          "revision": "3d0ea2c0806791abcc5d7f0d9f62f1cfd4a7264d",
          "version": "4.2.0"
        }
      },
      {
        "package": "MobKitCore",
        "repositoryURL": "https://github.com/mobven/MobKitCore.git",
        "state": {
          "branch": "develop",
          "revision": "168705f06536779470cbedfbaf45c6eb10c0b829",
          "version": null
        }
      },
      {
        "package": "PermissionManager",
        "repositoryURL": "https://github.com/mobven/PermissionManager.git",
        "state": {
          "branch": "develop",
          "revision": "7a51ea120c76c897d0d0a26dbaab49084b771b1b",
          "version": null
        }
      }
    ]
  },
  "version": 1
}
