{
  "object": {
    "pins": [
      {
        "package": "AccountSecurity",
        "repositoryURL": "https://github.com/mobven/AccountSecurity.git",
        "state": {
          "branch": "develop",
          "revision": "7a330e4c4912d1464ae346f536edaa5ef80c378a",
          "version": null
        }
      },
      {
        "package": "AppSecurity",
        "repositoryURL": "https://github.com/mobven/AppSecurity.git",
        "state": {
          "branch": "develop",
          "revision": "85129dda7ce1c1b83b7a5ebda5282b6828ef180b",
          "version": null
        }
      },
      {
        "package": "CryptoSwift",
        "repositoryURL": "https://github.com/krzyzanowskim/CryptoSwift.git",
        "state": {
          "branch": "master",
          "revision": "938d7973b022735f1e9ec9ee6cf44a6ccc43c641",
          "version": null
        }
      },
      {
        "package": "KeychainAccess",
        "repositoryURL": "https://github.com/kishikawakatsumi/KeychainAccess",
        "state": {
          "branch": "master",
          "revision": "b00f91d92ccb20f67196837db19aaf1a1b9e2ed7",
          "version": null
        }
      },
      {
        "package": "MMBKit",
        "repositoryURL": "https://github.com/mobven/MMBKit.git",
        "state": {
          "branch": "develop",
          "revision": "840f7329fa7e9098eda55cc708b9a47d1819f5b6",
          "version": null
        }
      },
      {
        "package": "OneLink",
        "repositoryURL": "https://github.com/mobven/OneLink.git",
        "state": {
          "branch": "develop",
          "revision": "73d0d78f6450213ba0ee6598b108af3a63f700a7",
          "version": null
        }
      },
      {
        "package": "StateMachineForms",
        "repositoryURL": "https://github.com/mobven/StateMachineForms.git",
        "state": {
          "branch": "develop",
          "revision": "ad537646ff95d81bb5ec9420585ede7cbf80cd8b",
          "version": null
        }
      },
      {
        "package": "UIComponents",
        "repositoryURL": "https://github.com/mobven/UIComponents.git",
        "state": {
          "branch": "develop",
          "revision": "4089ffc4b340b2efcdb748b0bcb3019d3f943e1c",
          "version": null
        }
      }
    ]
  },
  "version": 1
}
