// !$*UTF8*$!
{
	archiveVersion = 1;
	classes = {
	};
	objectVersion = 52;
	objects = {

/* Begin PBXBuildFile section */
		6D4E40132454DB3100B8CC67 /* KVListViewController.swift in Sources */ = {isa = PBXBuildFile; fileRef = 6D4E40122454DB3100B8CC67 /* KVListViewController.swift */; };
		6D5410D524474A50000A8B1D /* KVLabelViewController.swift in Sources */ = {isa = PBXBuildFile; fileRef = 6D5410D424474A50000A8B1D /* KVLabelViewController.swift */; };
		6D5410DA24477ADE000A8B1D /* UIComponentsViewController.swift in Sources */ = {isa = PBXBuildFile; fileRef = 6D5410D924477ADE000A8B1D /* UIComponentsViewController.swift */; };
		6D5754A124754CB100C23C48 /* AmountInputViewBinder.swift in Sources */ = {isa = PBXBuildFile; fileRef = 6D5754A024754CB100C23C48 /* AmountInputViewBinder.swift */; };
		6D818F16249A45E2008943A1 /* SecureNetwork in Frameworks */ = {isa = PBXBuildFile; productRef = 6D818F15249A45E2008943A1 /* SecureNetwork */; };
		6D818F29249A52BB008943A1 /* PinLocator.framework in Frameworks */ = {isa = PBXBuildFile; fileRef = 6D818F27249A52B9008943A1 /* PinLocator.framework */; };
		6D818F2A249A52BB008943A1 /* PinLocator.framework in Embed Frameworks */ = {isa = PBXBuildFile; fileRef = 6D818F27249A52B9008943A1 /* PinLocator.framework */; settings = {ATTRIBUTES = (CodeSignOnCopy, RemoveHeadersOnCopy, ); }; };
		6D8BA196243A44AD004493A9 /* OneLinkViewController.swift in Sources */ = {isa = PBXBuildFile; fileRef = 6D8BA195243A44AD004493A9 /* OneLinkViewController.swift */; };
		6D8BA19B243A4869004493A9 /* AppLink.swift in Sources */ = {isa = PBXBuildFile; fileRef = 6D8BA19A243A4869004493A9 /* AppLink.swift */; };
		6D8BA19D243A495B004493A9 /* AnnouncementsViewController.swift in Sources */ = {isa = PBXBuildFile; fileRef = 6D8BA19C243A495B004493A9 /* AnnouncementsViewController.swift */; };
		6D8BA19F243A4977004493A9 /* CardDetailViewController.swift in Sources */ = {isa = PBXBuildFile; fileRef = 6D8BA19E243A4977004493A9 /* CardDetailViewController.swift */; };
		6D8DC0BF24596761005553BA /* AmountInputViewController.swift in Sources */ = {isa = PBXBuildFile; fileRef = 6D8DC0BE24596761005553BA /* AmountInputViewController.swift */; };
		6D931FDE243228EF004C8A3C /* AppDelegate.swift in Sources */ = {isa = PBXBuildFile; fileRef = 6D931FDD243228EF004C8A3C /* AppDelegate.swift */; };
		6D931FE5243228EF004C8A3C /* Main.storyboard in Resources */ = {isa = PBXBuildFile; fileRef = 6D931FE3243228EF004C8A3C /* Main.storyboard */; };
		6D931FE7243228F1004C8A3C /* Assets.xcassets in Resources */ = {isa = PBXBuildFile; fileRef = 6D931FE6243228F1004C8A3C /* Assets.xcassets */; };
		6D931FEA243228F1004C8A3C /* LaunchScreen.storyboard in Resources */ = {isa = PBXBuildFile; fileRef = 6D931FE8243228F1004C8A3C /* LaunchScreen.storyboard */; };
		6D931FF5243228F1004C8A3C /* MMBKitTesterTests.swift in Sources */ = {isa = PBXBuildFile; fileRef = 6D931FF4243228F1004C8A3C /* MMBKitTesterTests.swift */; };
		6D932008243229C5004C8A3C /* ModulesViewController.swift in Sources */ = {isa = PBXBuildFile; fileRef = 6D932007243229C5004C8A3C /* ModulesViewController.swift */; };
		6D93200C24322AE3004C8A3C /* AccountSecurityViewController.swift in Sources */ = {isa = PBXBuildFile; fileRef = 6D93200B24322AE3004C8A3C /* AccountSecurityViewController.swift */; };
		6D93200E24322BE7004C8A3C /* AppSecurityViewController.swift in Sources */ = {isa = PBXBuildFile; fileRef = 6D93200D24322BE7004C8A3C /* AppSecurityViewController.swift */; };
		6D93201024323162004C8A3C /* PreventSnapshotsViewController.swift in Sources */ = {isa = PBXBuildFile; fileRef = 6D93200F24323162004C8A3C /* PreventSnapshotsViewController.swift */; };
		6D932012243248AE004C8A3C /* PreventRecordingViewController.swift in Sources */ = {isa = PBXBuildFile; fileRef = 6D932011243248AE004C8A3C /* PreventRecordingViewController.swift */; };
		6D93201424324A83004C8A3C /* JailbreakDetectionViewController.swift in Sources */ = {isa = PBXBuildFile; fileRef = 6D93201324324A83004C8A3C /* JailbreakDetectionViewController.swift */; };
		6D93201624324DDD004C8A3C /* SecureTextfieldViewController.swift in Sources */ = {isa = PBXBuildFile; fileRef = 6D93201524324DDD004C8A3C /* SecureTextfieldViewController.swift */; };
		6D93201824324F07004C8A3C /* PassCodeViewController.swift in Sources */ = {isa = PBXBuildFile; fileRef = 6D93201724324F07004C8A3C /* PassCodeViewController.swift */; };
		6D93201C243251B8004C8A3C /* SecureStoreViewController.swift in Sources */ = {isa = PBXBuildFile; fileRef = 6D93201B243251B8004C8A3C /* SecureStoreViewController.swift */; };
		6D93201E24325773004C8A3C /* SecureStoreWriteViewController.swift in Sources */ = {isa = PBXBuildFile; fileRef = 6D93201D24325773004C8A3C /* SecureStoreWriteViewController.swift */; };
		6D93202024325797004C8A3C /* SecureStoreReadViewController.swift in Sources */ = {isa = PBXBuildFile; fileRef = 6D93201F24325797004C8A3C /* SecureStoreReadViewController.swift */; };
		6D93202224327225004C8A3C /* BaseTypeViewController.swift in Sources */ = {isa = PBXBuildFile; fileRef = 6D93202124327225004C8A3C /* BaseTypeViewController.swift */; };
		6D93202424327B52004C8A3C /* ForceUpdateViewController.swift in Sources */ = {isa = PBXBuildFile; fileRef = 6D93202324327B52004C8A3C /* ForceUpdateViewController.swift */; };
		6D9320262432964C004C8A3C /* BiometricsViewController.swift in Sources */ = {isa = PBXBuildFile; fileRef = 6D9320252432964C004C8A3C /* BiometricsViewController.swift */; };
		6D9320282432966E004C8A3C /* TimedCacheViewController.swift in Sources */ = {isa = PBXBuildFile; fileRef = 6D9320272432966E004C8A3C /* TimedCacheViewController.swift */; };
		6D93202B2432A2E8004C8A3C /* Module.swift in Sources */ = {isa = PBXBuildFile; fileRef = 6D93202A2432A2E8004C8A3C /* Module.swift */; };
		6D93202D2432A30F004C8A3C /* SecureStoreType.swift in Sources */ = {isa = PBXBuildFile; fileRef = 6D93202C2432A30F004C8A3C /* SecureStoreType.swift */; };
		6D9320312432A471004C8A3C /* UIViewController.swift in Sources */ = {isa = PBXBuildFile; fileRef = 6D9320302432A471004C8A3C /* UIViewController.swift */; };
		6DAF982C243B126900CF9AAA /* GoogleService-Info.plist in Resources */ = {isa = PBXBuildFile; fileRef = 6DAF982B243B126900CF9AAA /* GoogleService-Info.plist */; };
		6DAF982F243B2F6C00CF9AAA /* NotificationPayload.swift in Sources */ = {isa = PBXBuildFile; fileRef = 6DAF982E243B2F6C00CF9AAA /* NotificationPayload.swift */; };
		6DAF9831243B308400CF9AAA /* FCMCurl.swift in Sources */ = {isa = PBXBuildFile; fileRef = 6DAF9830243B308400CF9AAA /* FCMCurl.swift */; };
		6DAF9833243B33B900CF9AAA /* User.swift in Sources */ = {isa = PBXBuildFile; fileRef = 6DAF9832243B33B900CF9AAA /* User.swift */; };
		6DBA5552248FAE4200751941 /* SpotifyModels.swift in Sources */ = {isa = PBXBuildFile; fileRef = 6DBA5551248FAE4200751941 /* SpotifyModels.swift */; };
		6DC7EC65245F0F7C0023537C /* AddOnFeaturesViewController.swift in Sources */ = {isa = PBXBuildFile; fileRef = 6DC7EC64245F0F7C0023537C /* AddOnFeaturesViewController.swift */; };
		6DC7ECC8246018C10023537C /* UIComponents in Frameworks */ = {isa = PBXBuildFile; productRef = 6DC7ECC7246018C10023537C /* UIComponents */; };
		6DC7ECCB246018D10023537C /* OneLink in Frameworks */ = {isa = PBXBuildFile; productRef = 6DC7ECCA246018D10023537C /* OneLink */; };
		6DC7ECCE246018ED0023537C /* AppSecurity in Frameworks */ = {isa = PBXBuildFile; productRef = 6DC7ECCD246018ED0023537C /* AppSecurity */; };
		6DC7ECD1246019110023537C /* AccountSecurity in Frameworks */ = {isa = PBXBuildFile; productRef = 6DC7ECD0246019110023537C /* AccountSecurity */; };
		6DFF0F66245ABD170035C890 /* Pods_MMBKitTester.framework in Frameworks */ = {isa = PBXBuildFile; fileRef = 3D3227ECF86F65F265974F9C /* Pods_MMBKitTester.framework */; };
		6DFF0F86245CBBB20035C890 /* CustomPopupsViewController.swift in Sources */ = {isa = PBXBuildFile; fileRef = 6DFF0F85245CBBB20035C890 /* CustomPopupsViewController.swift */; };
		6DFF0F88245CBBF20035C890 /* CustomAlert.swift in Sources */ = {isa = PBXBuildFile; fileRef = 6DFF0F87245CBBF20035C890 /* CustomAlert.swift */; };
		6DFF0F8A245CBC640035C890 /* CustomAlert.xib in Resources */ = {isa = PBXBuildFile; fileRef = 6DFF0F89245CBC640035C890 /* CustomAlert.xib */; };
		6DFF0F8C245CBCEB0035C890 /* CustomKeyValueListAlert.swift in Sources */ = {isa = PBXBuildFile; fileRef = 6DFF0F8B245CBCEB0035C890 /* CustomKeyValueListAlert.swift */; };
		6DFF0F8E245CBCFE0035C890 /* CustomKeyValueListAlert.xib in Resources */ = {isa = PBXBuildFile; fileRef = 6DFF0F8D245CBCFE0035C890 /* CustomKeyValueListAlert.xib */; };
		6F1A93C8249229050073FB7E /* PinLocatorViewController.swift in Sources */ = {isa = PBXBuildFile; fileRef = 6F1A93C7249229050073FB7E /* PinLocatorViewController.swift */; };
		6F1A93CA249229AD0073FB7E /* CustomPin.swift in Sources */ = {isa = PBXBuildFile; fileRef = 6F1A93C9249229AD0073FB7E /* CustomPin.swift */; };
		6F1E5A8B2476A5EF0013B111 /* SecureNetworkViewController.swift in Sources */ = {isa = PBXBuildFile; fileRef = 6F1E5A8A2476A5EF0013B111 /* SecureNetworkViewController.swift */; };
		6F1E5A8D2476A9290013B111 /* OAUTHViewController.swift in Sources */ = {isa = PBXBuildFile; fileRef = 6F1E5A8C2476A9290013B111 /* OAUTHViewController.swift */; };
		6F1E5A922476AC760013B111 /* OAUTHTableHeader.swift in Sources */ = {isa = PBXBuildFile; fileRef = 6F1E5A902476AC760013B111 /* OAUTHTableHeader.swift */; };
		6F1E5A932476AC760013B111 /* OAUTHTableHeader.xib in Resources */ = {isa = PBXBuildFile; fileRef = 6F1E5A912476AC760013B111 /* OAUTHTableHeader.xib */; };
		6F1E5A972476AEDF0013B111 /* OAUTHCollectionViewCell.swift in Sources */ = {isa = PBXBuildFile; fileRef = 6F1E5A952476AEDF0013B111 /* OAUTHCollectionViewCell.swift */; };
		6F1E5A982476AEDF0013B111 /* OAUTHCollectionViewCell.xib in Resources */ = {isa = PBXBuildFile; fileRef = 6F1E5A962476AEDF0013B111 /* OAUTHCollectionViewCell.xib */; };
		6F1E5A9A2476B6460013B111 /* OAUTHService.swift in Sources */ = {isa = PBXBuildFile; fileRef = 6F1E5A992476B6460013B111 /* OAUTHService.swift */; };
		6F2528032487BBF200E5CAB0 /* CryptographyService.swift in Sources */ = {isa = PBXBuildFile; fileRef = 6F2528022487BBF200E5CAB0 /* CryptographyService.swift */; };
		6F521709246A848200F7E28E /* StateMachineFormsViewController.swift in Sources */ = {isa = PBXBuildFile; fileRef = 6F521708246A848200F7E28E /* StateMachineFormsViewController.swift */; };
		6F52170F246A8BAF00F7E28E /* StateMachineForms in Frameworks */ = {isa = PBXBuildFile; productRef = 6F52170E246A8BAF00F7E28E /* StateMachineForms */; };
		6F521711246A922C00F7E28E /* forms.json in Resources */ = {isa = PBXBuildFile; fileRef = 6F521710246A922C00F7E28E /* forms.json */; };
		6F521714246A9A3200F7E28E /* UIDatePickerTextFieldBinder.swift in Sources */ = {isa = PBXBuildFile; fileRef = 6F521713246A9A3200F7E28E /* UIDatePickerTextFieldBinder.swift */; };
		6F521717246AA28100F7E28E /* MMBTextField.swift in Sources */ = {isa = PBXBuildFile; fileRef = 6F521716246AA28100F7E28E /* MMBTextField.swift */; };
		6F521719246AA38A00F7E28E /* MMBTextFieldBinder.swift in Sources */ = {isa = PBXBuildFile; fileRef = 6F521718246AA38A00F7E28E /* MMBTextFieldBinder.swift */; };
		6F52171B246AA88F00F7E28E /* MMBCheckBoxView.swift in Sources */ = {isa = PBXBuildFile; fileRef = 6F52171A246AA88F00F7E28E /* MMBCheckBoxView.swift */; };
		6F52171D246AAB3500F7E28E /* MMBCheckBoxBinder.swift in Sources */ = {isa = PBXBuildFile; fileRef = 6F52171C246AAB3500F7E28E /* MMBCheckBoxBinder.swift */; };
		6F52171F246AE50F00F7E28E /* MMBButton.swift in Sources */ = {isa = PBXBuildFile; fileRef = 6F52171E246AE50F00F7E28E /* MMBButton.swift */; };
		6F521721246AE58700F7E28E /* MMBButtonBinder.swift in Sources */ = {isa = PBXBuildFile; fileRef = 6F521720246AE58700F7E28E /* MMBButtonBinder.swift */; };
		6F521723246AEBFA00F7E28E /* UIColor.swift in Sources */ = {isa = PBXBuildFile; fileRef = 6F521722246AEBFA00F7E28E /* UIColor.swift */; };
		6F521725246AED9B00F7E28E /* UITextPickerBinder.swift in Sources */ = {isa = PBXBuildFile; fileRef = 6F521724246AED9B00F7E28E /* UITextPickerBinder.swift */; };
		6F521727246AF2AA00F7E28E /* MMBRadioButtonView.swift in Sources */ = {isa = PBXBuildFile; fileRef = 6F521726246AF2AA00F7E28E /* MMBRadioButtonView.swift */; };
		6F52172A246AF4CA00F7E28E /* MMBRadioButtonItem.swift in Sources */ = {isa = PBXBuildFile; fileRef = 6F521729246AF4CA00F7E28E /* MMBRadioButtonItem.swift */; };
		6F52172C246AFF7600F7E28E /* MMBRadioButtonViewBinder.swift in Sources */ = {isa = PBXBuildFile; fileRef = 6F52172B246AFF7600F7E28E /* MMBRadioButtonViewBinder.swift */; };
		6F52172E246BCFEB00F7E28E /* StateMachineFormsService.swift in Sources */ = {isa = PBXBuildFile; fileRef = 6F52172D246BCFEB00F7E28E /* StateMachineFormsService.swift */; };
		6F521730246C10F900F7E28E /* AccountsViewController.swift in Sources */ = {isa = PBXBuildFile; fileRef = 6F52172F246C10F900F7E28E /* AccountsViewController.swift */; };
		6F521732246C11D800F7E28E /* AccountView.swift in Sources */ = {isa = PBXBuildFile; fileRef = 6F521731246C11D800F7E28E /* AccountView.swift */; };
		6F521734246C13E200F7E28E /* AccountViewBinder.swift in Sources */ = {isa = PBXBuildFile; fileRef = 6F521733246C13E200F7E28E /* AccountViewBinder.swift */; };
		6F521736246C17AA00F7E28E /* UIViewExtension.swift in Sources */ = {isa = PBXBuildFile; fileRef = 6F521735246C17AA00F7E28E /* UIViewExtension.swift */; };
		6F521738246C1BED00F7E28E /* AccountSelectionCell.swift in Sources */ = {isa = PBXBuildFile; fileRef = 6F521737246C1BED00F7E28E /* AccountSelectionCell.swift */; };
		6F7E8E4B2476DAB700CBB524 /* ImageViewExtensions.swift in Sources */ = {isa = PBXBuildFile; fileRef = 6F7E8E4A2476DAB700CBB524 /* ImageViewExtensions.swift */; };
		6F96B69E2484EE5E00505B5E /* CryptographyViewController.swift in Sources */ = {isa = PBXBuildFile; fileRef = 6F96B69D2484EE5E00505B5E /* CryptographyViewController.swift */; };
		6FA73080246EA8FD00CA1B9E /* MMBTextView.swift in Sources */ = {isa = PBXBuildFile; fileRef = 6FA7307F246EA8FD00CA1B9E /* MMBTextView.swift */; };
		6FA73082246EAA8C00CA1B9E /* MMBTextViewBinder.swift in Sources */ = {isa = PBXBuildFile; fileRef = 6FA73081246EAA8C00CA1B9E /* MMBTextViewBinder.swift */; };
		864D50E772FB2F9A38CEC034 /* Pods_MMBKitTesterTests.framework in Frameworks */ = {isa = PBXBuildFile; fileRef = 922D4F6CC5A2F78F2E29C089 /* Pods_MMBKitTesterTests.framework */; };
/* End PBXBuildFile section */

/* Begin PBXContainerItemProxy section */
		6D931FF1243228F1004C8A3C /* PBXContainerItemProxy */ = {
			isa = PBXContainerItemProxy;
			containerPortal = 6D931FD2243228EF004C8A3C /* Project object */;
			proxyType = 1;
			remoteGlobalIDString = 6D931FD9243228EF004C8A3C;
			remoteInfo = MMBKitTester;
		};
/* End PBXContainerItemProxy section */

/* Begin PBXCopyFilesBuildPhase section */
		6F1A93E02493732B0073FB7E /* Embed Frameworks */ = {
			isa = PBXCopyFilesBuildPhase;
			buildActionMask = 2147483647;
			dstPath = "";
			dstSubfolderSpec = 10;
			files = (
				6D818F2A249A52BB008943A1 /* PinLocator.framework in Embed Frameworks */,
			);
			name = "Embed Frameworks";
			runOnlyForDeploymentPostprocessing = 0;
		};
/* End PBXCopyFilesBuildPhase section */

/* Begin PBXFileReference section */
		071305D7D8766BA6E6741BDD /* Pods-MMBKitTesterTests.release.xcconfig */ = {isa = PBXFileReference; includeInIndex = 1; lastKnownFileType = text.xcconfig; name = "Pods-MMBKitTesterTests.release.xcconfig"; path = "Target Support Files/Pods-MMBKitTesterTests/Pods-MMBKitTesterTests.release.xcconfig"; sourceTree = "<group>"; };
		3D3227ECF86F65F265974F9C /* Pods_MMBKitTester.framework */ = {isa = PBXFileReference; explicitFileType = wrapper.framework; includeInIndex = 0; path = Pods_MMBKitTester.framework; sourceTree = BUILT_PRODUCTS_DIR; };
		6D4E40122454DB3100B8CC67 /* KVListViewController.swift */ = {isa = PBXFileReference; lastKnownFileType = sourcecode.swift; path = KVListViewController.swift; sourceTree = "<group>"; };
		6D5410D424474A50000A8B1D /* KVLabelViewController.swift */ = {isa = PBXFileReference; lastKnownFileType = sourcecode.swift; path = KVLabelViewController.swift; sourceTree = "<group>"; };
		6D5410D924477ADE000A8B1D /* UIComponentsViewController.swift */ = {isa = PBXFileReference; lastKnownFileType = sourcecode.swift; path = UIComponentsViewController.swift; sourceTree = "<group>"; };
		6D5754A024754CB100C23C48 /* AmountInputViewBinder.swift */ = {isa = PBXFileReference; lastKnownFileType = sourcecode.swift; path = AmountInputViewBinder.swift; sourceTree = "<group>"; };
		6D818F27249A52B9008943A1 /* PinLocator.framework */ = {isa = PBXFileReference; lastKnownFileType = wrapper.framework; path = PinLocator.framework; sourceTree = "<group>"; };
		6D8BA195243A44AD004493A9 /* OneLinkViewController.swift */ = {isa = PBXFileReference; lastKnownFileType = sourcecode.swift; path = OneLinkViewController.swift; sourceTree = "<group>"; };
		6D8BA19A243A4869004493A9 /* AppLink.swift */ = {isa = PBXFileReference; lastKnownFileType = sourcecode.swift; path = AppLink.swift; sourceTree = "<group>"; };
		6D8BA19C243A495B004493A9 /* AnnouncementsViewController.swift */ = {isa = PBXFileReference; lastKnownFileType = sourcecode.swift; path = AnnouncementsViewController.swift; sourceTree = "<group>"; };
		6D8BA19E243A4977004493A9 /* CardDetailViewController.swift */ = {isa = PBXFileReference; lastKnownFileType = sourcecode.swift; path = CardDetailViewController.swift; sourceTree = "<group>"; };
		6D8DC0BE24596761005553BA /* AmountInputViewController.swift */ = {isa = PBXFileReference; lastKnownFileType = sourcecode.swift; path = AmountInputViewController.swift; sourceTree = "<group>"; };
		6D931FDA243228EF004C8A3C /* MMBKitTester.app */ = {isa = PBXFileReference; explicitFileType = wrapper.application; includeInIndex = 0; path = MMBKitTester.app; sourceTree = BUILT_PRODUCTS_DIR; };
		6D931FDD243228EF004C8A3C /* AppDelegate.swift */ = {isa = PBXFileReference; lastKnownFileType = sourcecode.swift; path = AppDelegate.swift; sourceTree = "<group>"; };
		6D931FE4243228EF004C8A3C /* Base */ = {isa = PBXFileReference; lastKnownFileType = file.storyboard; name = Base; path = Base.lproj/Main.storyboard; sourceTree = "<group>"; };
		6D931FE6243228F1004C8A3C /* Assets.xcassets */ = {isa = PBXFileReference; lastKnownFileType = folder.assetcatalog; path = Assets.xcassets; sourceTree = "<group>"; };
		6D931FE9243228F1004C8A3C /* Base */ = {isa = PBXFileReference; lastKnownFileType = file.storyboard; name = Base; path = Base.lproj/LaunchScreen.storyboard; sourceTree = "<group>"; };
		6D931FEB243228F1004C8A3C /* Info.plist */ = {isa = PBXFileReference; lastKnownFileType = text.plist.xml; path = Info.plist; sourceTree = "<group>"; };
		6D931FF0243228F1004C8A3C /* MMBKitTesterTests.xctest */ = {isa = PBXFileReference; explicitFileType = wrapper.cfbundle; includeInIndex = 0; path = MMBKitTesterTests.xctest; sourceTree = BUILT_PRODUCTS_DIR; };
		6D931FF4243228F1004C8A3C /* MMBKitTesterTests.swift */ = {isa = PBXFileReference; lastKnownFileType = sourcecode.swift; path = MMBKitTesterTests.swift; sourceTree = "<group>"; };
		6D931FF6243228F1004C8A3C /* Info.plist */ = {isa = PBXFileReference; lastKnownFileType = text.plist.xml; path = Info.plist; sourceTree = "<group>"; };
		6D932007243229C5004C8A3C /* ModulesViewController.swift */ = {isa = PBXFileReference; lastKnownFileType = sourcecode.swift; path = ModulesViewController.swift; sourceTree = "<group>"; };
		6D93200B24322AE3004C8A3C /* AccountSecurityViewController.swift */ = {isa = PBXFileReference; lastKnownFileType = sourcecode.swift; path = AccountSecurityViewController.swift; sourceTree = "<group>"; };
		6D93200D24322BE7004C8A3C /* AppSecurityViewController.swift */ = {isa = PBXFileReference; lastKnownFileType = sourcecode.swift; path = AppSecurityViewController.swift; sourceTree = "<group>"; };
		6D93200F24323162004C8A3C /* PreventSnapshotsViewController.swift */ = {isa = PBXFileReference; lastKnownFileType = sourcecode.swift; path = PreventSnapshotsViewController.swift; sourceTree = "<group>"; };
		6D932011243248AE004C8A3C /* PreventRecordingViewController.swift */ = {isa = PBXFileReference; lastKnownFileType = sourcecode.swift; path = PreventRecordingViewController.swift; sourceTree = "<group>"; };
		6D93201324324A83004C8A3C /* JailbreakDetectionViewController.swift */ = {isa = PBXFileReference; lastKnownFileType = sourcecode.swift; path = JailbreakDetectionViewController.swift; sourceTree = "<group>"; };
		6D93201524324DDD004C8A3C /* SecureTextfieldViewController.swift */ = {isa = PBXFileReference; lastKnownFileType = sourcecode.swift; path = SecureTextfieldViewController.swift; sourceTree = "<group>"; };
		6D93201724324F07004C8A3C /* PassCodeViewController.swift */ = {isa = PBXFileReference; lastKnownFileType = sourcecode.swift; path = PassCodeViewController.swift; sourceTree = "<group>"; };
		6D93201B243251B8004C8A3C /* SecureStoreViewController.swift */ = {isa = PBXFileReference; lastKnownFileType = sourcecode.swift; path = SecureStoreViewController.swift; sourceTree = "<group>"; };
		6D93201D24325773004C8A3C /* SecureStoreWriteViewController.swift */ = {isa = PBXFileReference; lastKnownFileType = sourcecode.swift; path = SecureStoreWriteViewController.swift; sourceTree = "<group>"; };
		6D93201F24325797004C8A3C /* SecureStoreReadViewController.swift */ = {isa = PBXFileReference; lastKnownFileType = sourcecode.swift; path = SecureStoreReadViewController.swift; sourceTree = "<group>"; };
		6D93202124327225004C8A3C /* BaseTypeViewController.swift */ = {isa = PBXFileReference; lastKnownFileType = sourcecode.swift; path = BaseTypeViewController.swift; sourceTree = "<group>"; };
		6D93202324327B52004C8A3C /* ForceUpdateViewController.swift */ = {isa = PBXFileReference; lastKnownFileType = sourcecode.swift; path = ForceUpdateViewController.swift; sourceTree = "<group>"; };
		6D9320252432964C004C8A3C /* BiometricsViewController.swift */ = {isa = PBXFileReference; lastKnownFileType = sourcecode.swift; path = BiometricsViewController.swift; sourceTree = "<group>"; };
		6D9320272432966E004C8A3C /* TimedCacheViewController.swift */ = {isa = PBXFileReference; lastKnownFileType = sourcecode.swift; path = TimedCacheViewController.swift; sourceTree = "<group>"; };
		6D93202A2432A2E8004C8A3C /* Module.swift */ = {isa = PBXFileReference; lastKnownFileType = sourcecode.swift; path = Module.swift; sourceTree = "<group>"; };
		6D93202C2432A30F004C8A3C /* SecureStoreType.swift */ = {isa = PBXFileReference; lastKnownFileType = sourcecode.swift; path = SecureStoreType.swift; sourceTree = "<group>"; };
		6D9320302432A471004C8A3C /* UIViewController.swift */ = {isa = PBXFileReference; lastKnownFileType = sourcecode.swift; path = UIViewController.swift; sourceTree = "<group>"; };
		6D93203224346FE8004C8A3C /* README.md */ = {isa = PBXFileReference; lastKnownFileType = net.daringfireball.markdown; path = README.md; sourceTree = "<group>"; };
		6DAF982B243B126900CF9AAA /* GoogleService-Info.plist */ = {isa = PBXFileReference; fileEncoding = 4; lastKnownFileType = text.plist.xml; path = "GoogleService-Info.plist"; sourceTree = "<group>"; };
		6DAF982D243B21AD00CF9AAA /* MMBKitTester.entitlements */ = {isa = PBXFileReference; lastKnownFileType = text.plist.entitlements; path = MMBKitTester.entitlements; sourceTree = "<group>"; };
		6DAF982E243B2F6C00CF9AAA /* NotificationPayload.swift */ = {isa = PBXFileReference; lastKnownFileType = sourcecode.swift; path = NotificationPayload.swift; sourceTree = "<group>"; };
		6DAF9830243B308400CF9AAA /* FCMCurl.swift */ = {isa = PBXFileReference; lastKnownFileType = sourcecode.swift; path = FCMCurl.swift; sourceTree = "<group>"; };
		6DAF9832243B33B900CF9AAA /* User.swift */ = {isa = PBXFileReference; lastKnownFileType = sourcecode.swift; path = User.swift; sourceTree = "<group>"; };
		6DBA5551248FAE4200751941 /* SpotifyModels.swift */ = {isa = PBXFileReference; lastKnownFileType = sourcecode.swift; path = SpotifyModels.swift; sourceTree = "<group>"; };
		6DC7EC64245F0F7C0023537C /* AddOnFeaturesViewController.swift */ = {isa = PBXFileReference; lastKnownFileType = sourcecode.swift; path = AddOnFeaturesViewController.swift; sourceTree = "<group>"; };
		6DFF0F85245CBBB20035C890 /* CustomPopupsViewController.swift */ = {isa = PBXFileReference; lastKnownFileType = sourcecode.swift; path = CustomPopupsViewController.swift; sourceTree = "<group>"; };
		6DFF0F87245CBBF20035C890 /* CustomAlert.swift */ = {isa = PBXFileReference; lastKnownFileType = sourcecode.swift; path = CustomAlert.swift; sourceTree = "<group>"; };
		6DFF0F89245CBC640035C890 /* CustomAlert.xib */ = {isa = PBXFileReference; lastKnownFileType = file.xib; path = CustomAlert.xib; sourceTree = "<group>"; };
		6DFF0F8B245CBCEB0035C890 /* CustomKeyValueListAlert.swift */ = {isa = PBXFileReference; lastKnownFileType = sourcecode.swift; path = CustomKeyValueListAlert.swift; sourceTree = "<group>"; };
		6DFF0F8D245CBCFE0035C890 /* CustomKeyValueListAlert.xib */ = {isa = PBXFileReference; lastKnownFileType = file.xib; path = CustomKeyValueListAlert.xib; sourceTree = "<group>"; };
		6F1A93C7249229050073FB7E /* PinLocatorViewController.swift */ = {isa = PBXFileReference; lastKnownFileType = sourcecode.swift; path = PinLocatorViewController.swift; sourceTree = "<group>"; };
		6F1A93C9249229AD0073FB7E /* CustomPin.swift */ = {isa = PBXFileReference; lastKnownFileType = sourcecode.swift; path = CustomPin.swift; sourceTree = "<group>"; };
		6F1E5A8A2476A5EF0013B111 /* SecureNetworkViewController.swift */ = {isa = PBXFileReference; lastKnownFileType = sourcecode.swift; path = SecureNetworkViewController.swift; sourceTree = "<group>"; };
		6F1E5A8C2476A9290013B111 /* OAUTHViewController.swift */ = {isa = PBXFileReference; lastKnownFileType = sourcecode.swift; path = OAUTHViewController.swift; sourceTree = "<group>"; };
		6F1E5A902476AC760013B111 /* OAUTHTableHeader.swift */ = {isa = PBXFileReference; lastKnownFileType = sourcecode.swift; path = OAUTHTableHeader.swift; sourceTree = "<group>"; };
		6F1E5A912476AC760013B111 /* OAUTHTableHeader.xib */ = {isa = PBXFileReference; lastKnownFileType = file.xib; path = OAUTHTableHeader.xib; sourceTree = "<group>"; };
		6F1E5A952476AEDF0013B111 /* OAUTHCollectionViewCell.swift */ = {isa = PBXFileReference; lastKnownFileType = sourcecode.swift; path = OAUTHCollectionViewCell.swift; sourceTree = "<group>"; };
		6F1E5A962476AEDF0013B111 /* OAUTHCollectionViewCell.xib */ = {isa = PBXFileReference; lastKnownFileType = file.xib; path = OAUTHCollectionViewCell.xib; sourceTree = "<group>"; };
		6F1E5A992476B6460013B111 /* OAUTHService.swift */ = {isa = PBXFileReference; lastKnownFileType = sourcecode.swift; path = OAUTHService.swift; sourceTree = "<group>"; };
		6F2528022487BBF200E5CAB0 /* CryptographyService.swift */ = {isa = PBXFileReference; lastKnownFileType = sourcecode.swift; path = CryptographyService.swift; sourceTree = "<group>"; };
		6F521708246A848200F7E28E /* StateMachineFormsViewController.swift */ = {isa = PBXFileReference; lastKnownFileType = sourcecode.swift; path = StateMachineFormsViewController.swift; sourceTree = "<group>"; };
		6F521710246A922C00F7E28E /* forms.json */ = {isa = PBXFileReference; lastKnownFileType = text.json; path = forms.json; sourceTree = "<group>"; xcLanguageSpecificationIdentifier = xcode.lang.json; };
		6F521713246A9A3200F7E28E /* UIDatePickerTextFieldBinder.swift */ = {isa = PBXFileReference; lastKnownFileType = sourcecode.swift; path = UIDatePickerTextFieldBinder.swift; sourceTree = "<group>"; };
		6F521716246AA28100F7E28E /* MMBTextField.swift */ = {isa = PBXFileReference; lastKnownFileType = sourcecode.swift; path = MMBTextField.swift; sourceTree = "<group>"; };
		6F521718246AA38A00F7E28E /* MMBTextFieldBinder.swift */ = {isa = PBXFileReference; lastKnownFileType = sourcecode.swift; path = MMBTextFieldBinder.swift; sourceTree = "<group>"; };
		6F52171A246AA88F00F7E28E /* MMBCheckBoxView.swift */ = {isa = PBXFileReference; lastKnownFileType = sourcecode.swift; path = MMBCheckBoxView.swift; sourceTree = "<group>"; };
		6F52171C246AAB3500F7E28E /* MMBCheckBoxBinder.swift */ = {isa = PBXFileReference; lastKnownFileType = sourcecode.swift; path = MMBCheckBoxBinder.swift; sourceTree = "<group>"; };
		6F52171E246AE50F00F7E28E /* MMBButton.swift */ = {isa = PBXFileReference; lastKnownFileType = sourcecode.swift; path = MMBButton.swift; sourceTree = "<group>"; };
		6F521720246AE58700F7E28E /* MMBButtonBinder.swift */ = {isa = PBXFileReference; lastKnownFileType = sourcecode.swift; path = MMBButtonBinder.swift; sourceTree = "<group>"; };
		6F521722246AEBFA00F7E28E /* UIColor.swift */ = {isa = PBXFileReference; lastKnownFileType = sourcecode.swift; path = UIColor.swift; sourceTree = "<group>"; };
		6F521724246AED9B00F7E28E /* UITextPickerBinder.swift */ = {isa = PBXFileReference; lastKnownFileType = sourcecode.swift; path = UITextPickerBinder.swift; sourceTree = "<group>"; };
		6F521726246AF2AA00F7E28E /* MMBRadioButtonView.swift */ = {isa = PBXFileReference; lastKnownFileType = sourcecode.swift; path = MMBRadioButtonView.swift; sourceTree = "<group>"; };
		6F521729246AF4CA00F7E28E /* MMBRadioButtonItem.swift */ = {isa = PBXFileReference; lastKnownFileType = sourcecode.swift; path = MMBRadioButtonItem.swift; sourceTree = "<group>"; };
		6F52172B246AFF7600F7E28E /* MMBRadioButtonViewBinder.swift */ = {isa = PBXFileReference; lastKnownFileType = sourcecode.swift; path = MMBRadioButtonViewBinder.swift; sourceTree = "<group>"; };
		6F52172D246BCFEB00F7E28E /* StateMachineFormsService.swift */ = {isa = PBXFileReference; lastKnownFileType = sourcecode.swift; path = StateMachineFormsService.swift; sourceTree = "<group>"; };
		6F52172F246C10F900F7E28E /* AccountsViewController.swift */ = {isa = PBXFileReference; lastKnownFileType = sourcecode.swift; path = AccountsViewController.swift; sourceTree = "<group>"; };
		6F521731246C11D800F7E28E /* AccountView.swift */ = {isa = PBXFileReference; lastKnownFileType = sourcecode.swift; path = AccountView.swift; sourceTree = "<group>"; };
		6F521733246C13E200F7E28E /* AccountViewBinder.swift */ = {isa = PBXFileReference; lastKnownFileType = sourcecode.swift; path = AccountViewBinder.swift; sourceTree = "<group>"; };
		6F521735246C17AA00F7E28E /* UIViewExtension.swift */ = {isa = PBXFileReference; lastKnownFileType = sourcecode.swift; path = UIViewExtension.swift; sourceTree = "<group>"; };
		6F521737246C1BED00F7E28E /* AccountSelectionCell.swift */ = {isa = PBXFileReference; lastKnownFileType = sourcecode.swift; path = AccountSelectionCell.swift; sourceTree = "<group>"; };
		6F7E8E4A2476DAB700CBB524 /* ImageViewExtensions.swift */ = {isa = PBXFileReference; lastKnownFileType = sourcecode.swift; path = ImageViewExtensions.swift; sourceTree = "<group>"; };
		6F96B69D2484EE5E00505B5E /* CryptographyViewController.swift */ = {isa = PBXFileReference; lastKnownFileType = sourcecode.swift; path = CryptographyViewController.swift; sourceTree = "<group>"; };
		6FA7307F246EA8FD00CA1B9E /* MMBTextView.swift */ = {isa = PBXFileReference; lastKnownFileType = sourcecode.swift; path = MMBTextView.swift; sourceTree = "<group>"; };
		6FA73081246EAA8C00CA1B9E /* MMBTextViewBinder.swift */ = {isa = PBXFileReference; lastKnownFileType = sourcecode.swift; path = MMBTextViewBinder.swift; sourceTree = "<group>"; };
		7C55600B130C3D48F52FA44F /* Pods-MMBKitTester.debug.xcconfig */ = {isa = PBXFileReference; includeInIndex = 1; lastKnownFileType = text.xcconfig; name = "Pods-MMBKitTester.debug.xcconfig"; path = "Target Support Files/Pods-MMBKitTester/Pods-MMBKitTester.debug.xcconfig"; sourceTree = "<group>"; };
		922D4F6CC5A2F78F2E29C089 /* Pods_MMBKitTesterTests.framework */ = {isa = PBXFileReference; explicitFileType = wrapper.framework; includeInIndex = 0; path = Pods_MMBKitTesterTests.framework; sourceTree = BUILT_PRODUCTS_DIR; };
		A63A91710C4207F027CA8DC1 /* Pods-MMBKitTesterTests.debug.xcconfig */ = {isa = PBXFileReference; includeInIndex = 1; lastKnownFileType = text.xcconfig; name = "Pods-MMBKitTesterTests.debug.xcconfig"; path = "Target Support Files/Pods-MMBKitTesterTests/Pods-MMBKitTesterTests.debug.xcconfig"; sourceTree = "<group>"; };
		F07C7571CF87FD087315D3F1 /* Pods-MMBKitTester.release.xcconfig */ = {isa = PBXFileReference; includeInIndex = 1; lastKnownFileType = text.xcconfig; name = "Pods-MMBKitTester.release.xcconfig"; path = "Target Support Files/Pods-MMBKitTester/Pods-MMBKitTester.release.xcconfig"; sourceTree = "<group>"; };
/* End PBXFileReference section */

/* Begin PBXFrameworksBuildPhase section */
		6D931FD7243228EF004C8A3C /* Frameworks */ = {
			isa = PBXFrameworksBuildPhase;
			buildActionMask = 2147483647;
			files = (
				6DC7ECCE246018ED0023537C /* AppSecurity in Frameworks */,
				6DC7ECCB246018D10023537C /* OneLink in Frameworks */,
				6F52170F246A8BAF00F7E28E /* StateMachineForms in Frameworks */,
				6D818F29249A52BB008943A1 /* PinLocator.framework in Frameworks */,
				6DC7ECC8246018C10023537C /* UIComponents in Frameworks */,
				6DC7ECD1246019110023537C /* AccountSecurity in Frameworks */,
				6D818F16249A45E2008943A1 /* SecureNetwork in Frameworks */,
				6DFF0F66245ABD170035C890 /* Pods_MMBKitTester.framework in Frameworks */,
			);
			runOnlyForDeploymentPostprocessing = 0;
		};
		6D931FED243228F1004C8A3C /* Frameworks */ = {
			isa = PBXFrameworksBuildPhase;
			buildActionMask = 2147483647;
			files = (
				864D50E772FB2F9A38CEC034 /* Pods_MMBKitTesterTests.framework in Frameworks */,
			);
			runOnlyForDeploymentPostprocessing = 0;
		};
/* End PBXFrameworksBuildPhase section */

/* Begin PBXGroup section */
		6D5410D224474A2E000A8B1D /* UIComponents */ = {
			isa = PBXGroup;
			children = (
				6D5410D924477ADE000A8B1D /* UIComponentsViewController.swift */,
				6D5410D424474A50000A8B1D /* KVLabelViewController.swift */,
				6D4E40122454DB3100B8CC67 /* KVListViewController.swift */,
				6D8DC0BE24596761005553BA /* AmountInputViewController.swift */,
				6DFF0F84245CBB9C0035C890 /* CustomPopups */,
				6DC7EC64245F0F7C0023537C /* AddOnFeaturesViewController.swift */,
			);
			path = UIComponents;
			sourceTree = "<group>";
		};
		6D8BA194243A4498004493A9 /* OneLink */ = {
			isa = PBXGroup;
			children = (
				6D8BA195243A44AD004493A9 /* OneLinkViewController.swift */,
				6D8BA19C243A495B004493A9 /* AnnouncementsViewController.swift */,
				6D8BA19E243A4977004493A9 /* CardDetailViewController.swift */,
				6D8BA19A243A4869004493A9 /* AppLink.swift */,
			);
			path = OneLink;
			sourceTree = "<group>";
		};
		6D931FD1243228EF004C8A3C = {
			isa = PBXGroup;
			children = (
				6D93203224346FE8004C8A3C /* README.md */,
				6D931FDC243228EF004C8A3C /* MMBKitTester */,
				6D931FF3243228F1004C8A3C /* MMBKitTesterTests */,
				6D931FDB243228EF004C8A3C /* Products */,
				E8441672F0B96ADF0DF09585 /* Pods */,
				8BCFF828680210ED26EC0E12 /* Frameworks */,
			);
			sourceTree = "<group>";
		};
		6D931FDB243228EF004C8A3C /* Products */ = {
			isa = PBXGroup;
			children = (
				6D931FDA243228EF004C8A3C /* MMBKitTester.app */,
				6D931FF0243228F1004C8A3C /* MMBKitTesterTests.xctest */,
			);
			name = Products;
			sourceTree = "<group>";
		};
		6D931FDC243228EF004C8A3C /* MMBKitTester */ = {
			isa = PBXGroup;
			children = (
				6DAF982D243B21AD00CF9AAA /* MMBKitTester.entitlements */,
				6D932007243229C5004C8A3C /* ModulesViewController.swift */,
				6D932005243229A7004C8A3C /* AppSecurity */,
				6D932006243229AF004C8A3C /* AccountSecurity */,
				6D8BA194243A4498004493A9 /* OneLink */,
				6D5410D224474A2E000A8B1D /* UIComponents */,
				6F521707246A844500F7E28E /* StateMachineForms */,
				6F1E5A8724769CEC0013B111 /* SecureNetwork */,
				6F1A93C6249228EA0073FB7E /* PinLocator */,
				6D9320292432A2D6004C8A3C /* Models */,
				6F521715246AA25300F7E28E /* Views */,
				6D93202F2432A45C004C8A3C /* Extensions */,
				6D931FDD243228EF004C8A3C /* AppDelegate.swift */,
				6D931FE3243228EF004C8A3C /* Main.storyboard */,
				6D931FE6243228F1004C8A3C /* Assets.xcassets */,
				6D931FE8243228F1004C8A3C /* LaunchScreen.storyboard */,
				6D931FEB243228F1004C8A3C /* Info.plist */,
				6DAF982B243B126900CF9AAA /* GoogleService-Info.plist */,
				6F521710246A922C00F7E28E /* forms.json */,
			);
			path = MMBKitTester;
			sourceTree = "<group>";
		};
		6D931FF3243228F1004C8A3C /* MMBKitTesterTests */ = {
			isa = PBXGroup;
			children = (
				6D931FF4243228F1004C8A3C /* MMBKitTesterTests.swift */,
				6D931FF6243228F1004C8A3C /* Info.plist */,
			);
			path = MMBKitTesterTests;
			sourceTree = "<group>";
		};
		6D932005243229A7004C8A3C /* AppSecurity */ = {
			isa = PBXGroup;
			children = (
				6D93200D24322BE7004C8A3C /* AppSecurityViewController.swift */,
				6D93201924325199004C8A3C /* AppProtection */,
				6D93201A243251A8004C8A3C /* TamperProtection */,
			);
			path = AppSecurity;
			sourceTree = "<group>";
		};
		6D932006243229AF004C8A3C /* AccountSecurity */ = {
			isa = PBXGroup;
			children = (
				6D93200B24322AE3004C8A3C /* AccountSecurityViewController.swift */,
				6D9320252432964C004C8A3C /* BiometricsViewController.swift */,
				6D9320272432966E004C8A3C /* TimedCacheViewController.swift */,
			);
			path = AccountSecurity;
			sourceTree = "<group>";
		};
		6D93201924325199004C8A3C /* AppProtection */ = {
			isa = PBXGroup;
			children = (
				6D93200F24323162004C8A3C /* PreventSnapshotsViewController.swift */,
				6D93201324324A83004C8A3C /* JailbreakDetectionViewController.swift */,
				6D93201524324DDD004C8A3C /* SecureTextfieldViewController.swift */,
				6D932011243248AE004C8A3C /* PreventRecordingViewController.swift */,
				6D93201724324F07004C8A3C /* PassCodeViewController.swift */,
			);
			path = AppProtection;
			sourceTree = "<group>";
		};
		6D93201A243251A8004C8A3C /* TamperProtection */ = {
			isa = PBXGroup;
			children = (
				6D93201B243251B8004C8A3C /* SecureStoreViewController.swift */,
				6D93202124327225004C8A3C /* BaseTypeViewController.swift */,
				6D93201D24325773004C8A3C /* SecureStoreWriteViewController.swift */,
				6D93201F24325797004C8A3C /* SecureStoreReadViewController.swift */,
				6D93202324327B52004C8A3C /* ForceUpdateViewController.swift */,
			);
			path = TamperProtection;
			sourceTree = "<group>";
		};
		6D9320292432A2D6004C8A3C /* Models */ = {
			isa = PBXGroup;
			children = (
				6D93202A2432A2E8004C8A3C /* Module.swift */,
				6D93202C2432A30F004C8A3C /* SecureStoreType.swift */,
				6DAF982E243B2F6C00CF9AAA /* NotificationPayload.swift */,
				6DAF9830243B308400CF9AAA /* FCMCurl.swift */,
				6DAF9832243B33B900CF9AAA /* User.swift */,
			);
			path = Models;
			sourceTree = "<group>";
		};
		6D93202F2432A45C004C8A3C /* Extensions */ = {
			isa = PBXGroup;
			children = (
				6D9320302432A471004C8A3C /* UIViewController.swift */,
				6F521722246AEBFA00F7E28E /* UIColor.swift */,
				6F521735246C17AA00F7E28E /* UIViewExtension.swift */,
				6F7E8E4A2476DAB700CBB524 /* ImageViewExtensions.swift */,
			);
			path = Extensions;
			sourceTree = "<group>";
		};
		6DBA5550248FAE3000751941 /* Models */ = {
			isa = PBXGroup;
			children = (
				6DBA5551248FAE4200751941 /* SpotifyModels.swift */,
			);
			path = Models;
			sourceTree = "<group>";
		};
		6DFF0F84245CBB9C0035C890 /* CustomPopups */ = {
			isa = PBXGroup;
			children = (
				6DFF0F85245CBBB20035C890 /* CustomPopupsViewController.swift */,
				6DFF0F87245CBBF20035C890 /* CustomAlert.swift */,
				6DFF0F89245CBC640035C890 /* CustomAlert.xib */,
				6DFF0F8B245CBCEB0035C890 /* CustomKeyValueListAlert.swift */,
				6DFF0F8D245CBCFE0035C890 /* CustomKeyValueListAlert.xib */,
			);
			path = CustomPopups;
			sourceTree = "<group>";
		};
		6F1A93C6249228EA0073FB7E /* PinLocator */ = {
			isa = PBXGroup;
			children = (
				6F1A93C7249229050073FB7E /* PinLocatorViewController.swift */,
				6F1A93C9249229AD0073FB7E /* CustomPin.swift */,
			);
			path = PinLocator;
			sourceTree = "<group>";
		};
		6F1E5A8724769CEC0013B111 /* SecureNetwork */ = {
			isa = PBXGroup;
			children = (
				6F1E5A882476A58C0013B111 /* OAUTH */,
				6F96B69C2484EE4800505B5E /* Cryptography */,
				6F1E5A8A2476A5EF0013B111 /* SecureNetworkViewController.swift */,
			);
			path = SecureNetwork;
			sourceTree = "<group>";
		};
		6F1E5A882476A58C0013B111 /* OAUTH */ = {
			isa = PBXGroup;
			children = (
				6DBA5550248FAE3000751941 /* Models */,
				6F1E5A8F2476AC000013B111 /* TableHeader */,
				6F1E5A8C2476A9290013B111 /* OAUTHViewController.swift */,
				6F1E5A992476B6460013B111 /* OAUTHService.swift */,
			);
			path = OAUTH;
			sourceTree = "<group>";
		};
		6F1E5A8F2476AC000013B111 /* TableHeader */ = {
			isa = PBXGroup;
			children = (
				6F1E5A942476AEBE0013B111 /* Cell */,
				6F1E5A902476AC760013B111 /* OAUTHTableHeader.swift */,
				6F1E5A912476AC760013B111 /* OAUTHTableHeader.xib */,
			);
			path = TableHeader;
			sourceTree = "<group>";
		};
		6F1E5A942476AEBE0013B111 /* Cell */ = {
			isa = PBXGroup;
			children = (
				6F1E5A952476AEDF0013B111 /* OAUTHCollectionViewCell.swift */,
				6F1E5A962476AEDF0013B111 /* OAUTHCollectionViewCell.xib */,
			);
			path = Cell;
			sourceTree = "<group>";
		};
		6F521707246A844500F7E28E /* StateMachineForms */ = {
			isa = PBXGroup;
			children = (
				6F521712246A9A1800F7E28E /* Forms */,
				6F521708246A848200F7E28E /* StateMachineFormsViewController.swift */,
				6F52172F246C10F900F7E28E /* AccountsViewController.swift */,
				6F52172D246BCFEB00F7E28E /* StateMachineFormsService.swift */,
			);
			path = StateMachineForms;
			sourceTree = "<group>";
		};
		6F521712246A9A1800F7E28E /* Forms */ = {
			isa = PBXGroup;
			children = (
				6F521718246AA38A00F7E28E /* MMBTextFieldBinder.swift */,
				6F521713246A9A3200F7E28E /* UIDatePickerTextFieldBinder.swift */,
				6F521724246AED9B00F7E28E /* UITextPickerBinder.swift */,
				6F52171C246AAB3500F7E28E /* MMBCheckBoxBinder.swift */,
				6F521720246AE58700F7E28E /* MMBButtonBinder.swift */,
				6F52172B246AFF7600F7E28E /* MMBRadioButtonViewBinder.swift */,
				6F521733246C13E200F7E28E /* AccountViewBinder.swift */,
				6FA73081246EAA8C00CA1B9E /* MMBTextViewBinder.swift */,
				6D5754A024754CB100C23C48 /* AmountInputViewBinder.swift */,
			);
			path = Forms;
			sourceTree = "<group>";
		};
		6F521715246AA25300F7E28E /* Views */ = {
			isa = PBXGroup;
			children = (
				6F521728246AF44500F7E28E /* RadioButtonView */,
				6F521716246AA28100F7E28E /* MMBTextField.swift */,
				6F52171A246AA88F00F7E28E /* MMBCheckBoxView.swift */,
				6F52171E246AE50F00F7E28E /* MMBButton.swift */,
				6F521731246C11D800F7E28E /* AccountView.swift */,
				6F521737246C1BED00F7E28E /* AccountSelectionCell.swift */,
				6FA7307F246EA8FD00CA1B9E /* MMBTextView.swift */,
			);
			path = Views;
			sourceTree = "<group>";
		};
		6F521728246AF44500F7E28E /* RadioButtonView */ = {
			isa = PBXGroup;
			children = (
				6F521726246AF2AA00F7E28E /* MMBRadioButtonView.swift */,
				6F521729246AF4CA00F7E28E /* MMBRadioButtonItem.swift */,
			);
			path = RadioButtonView;
			sourceTree = "<group>";
		};
		6F96B69C2484EE4800505B5E /* Cryptography */ = {
			isa = PBXGroup;
			children = (
				6F96B69D2484EE5E00505B5E /* CryptographyViewController.swift */,
				6F2528022487BBF200E5CAB0 /* CryptographyService.swift */,
			);
			path = Cryptography;
			sourceTree = "<group>";
		};
		8BCFF828680210ED26EC0E12 /* Frameworks */ = {
			isa = PBXGroup;
			children = (
				6D818F27249A52B9008943A1 /* PinLocator.framework */,
				3D3227ECF86F65F265974F9C /* Pods_MMBKitTester.framework */,
				922D4F6CC5A2F78F2E29C089 /* Pods_MMBKitTesterTests.framework */,
			);
			name = Frameworks;
			sourceTree = "<group>";
		};
		E8441672F0B96ADF0DF09585 /* Pods */ = {
			isa = PBXGroup;
			children = (
				7C55600B130C3D48F52FA44F /* Pods-MMBKitTester.debug.xcconfig */,
				F07C7571CF87FD087315D3F1 /* Pods-MMBKitTester.release.xcconfig */,
				A63A91710C4207F027CA8DC1 /* Pods-MMBKitTesterTests.debug.xcconfig */,
				071305D7D8766BA6E6741BDD /* Pods-MMBKitTesterTests.release.xcconfig */,
			);
			path = Pods;
			sourceTree = "<group>";
		};
/* End PBXGroup section */

/* Begin PBXNativeTarget section */
		6D931FD9243228EF004C8A3C /* MMBKitTester */ = {
			isa = PBXNativeTarget;
			buildConfigurationList = 6D931FF9243228F1004C8A3C /* Build configuration list for PBXNativeTarget "MMBKitTester" */;
			buildPhases = (
				EABD452E9D24B189DB260C4A /* [CP] Check Pods Manifest.lock */,
				6D93202E2432A385004C8A3C /* SwiftLint */,
				6D931FD6243228EF004C8A3C /* Sources */,
				6D931FD7243228EF004C8A3C /* Frameworks */,
				6D931FD8243228EF004C8A3C /* Resources */,
				95E53F6E0D52333210561A3B /* [CP] Embed Pods Frameworks */,
				6F1A93E02493732B0073FB7E /* Embed Frameworks */,
			);
			buildRules = (
			);
			dependencies = (
			);
			name = MMBKitTester;
			packageProductDependencies = (
				6DC7ECC7246018C10023537C /* UIComponents */,
				6DC7ECCA246018D10023537C /* OneLink */,
				6DC7ECCD246018ED0023537C /* AppSecurity */,
				6DC7ECD0246019110023537C /* AccountSecurity */,
				6F52170E246A8BAF00F7E28E /* StateMachineForms */,
				6D818F15249A45E2008943A1 /* SecureNetwork */,
			);
			productName = MMBKitTester;
			productReference = 6D931FDA243228EF004C8A3C /* MMBKitTester.app */;
			productType = "com.apple.product-type.application";
		};
		6D931FEF243228F1004C8A3C /* MMBKitTesterTests */ = {
			isa = PBXNativeTarget;
			buildConfigurationList = 6D931FFC243228F1004C8A3C /* Build configuration list for PBXNativeTarget "MMBKitTesterTests" */;
			buildPhases = (
				0FE9EA5913D0EC4F4E7CC24F /* [CP] Check Pods Manifest.lock */,
				6D931FEC243228F1004C8A3C /* Sources */,
				6D931FED243228F1004C8A3C /* Frameworks */,
				6D931FEE243228F1004C8A3C /* Resources */,
			);
			buildRules = (
			);
			dependencies = (
				6D931FF2243228F1004C8A3C /* PBXTargetDependency */,
			);
			name = MMBKitTesterTests;
			productName = MMBKitTesterTests;
			productReference = 6D931FF0243228F1004C8A3C /* MMBKitTesterTests.xctest */;
			productType = "com.apple.product-type.bundle.unit-test";
		};
/* End PBXNativeTarget section */

/* Begin PBXProject section */
		6D931FD2243228EF004C8A3C /* Project object */ = {
			isa = PBXProject;
			attributes = {
				LastSwiftUpdateCheck = 1140;
				LastUpgradeCheck = 1140;
				ORGANIZATIONNAME = Mobven;
				TargetAttributes = {
					6D931FD9243228EF004C8A3C = {
						CreatedOnToolsVersion = 11.4;
					};
					6D931FEF243228F1004C8A3C = {
						CreatedOnToolsVersion = 11.4;
						TestTargetID = 6D931FD9243228EF004C8A3C;
					};
				};
			};
			buildConfigurationList = 6D931FD5243228EF004C8A3C /* Build configuration list for PBXProject "MMBKitTester" */;
			compatibilityVersion = "Xcode 9.3";
			developmentRegion = en;
			hasScannedForEncodings = 0;
			knownRegions = (
				en,
				Base,
			);
			mainGroup = 6D931FD1243228EF004C8A3C;
			packageReferences = (
				6DC7ECC6246018C10023537C /* XCRemoteSwiftPackageReference "UIComponents" */,
				6DC7ECC9246018D10023537C /* XCRemoteSwiftPackageReference "OneLink" */,
				6DC7ECCC246018ED0023537C /* XCRemoteSwiftPackageReference "AppSecurity" */,
				6DC7ECCF246019110023537C /* XCRemoteSwiftPackageReference "AccountSecurity" */,
				6F52170D246A8BAF00F7E28E /* XCRemoteSwiftPackageReference "StateMachineForms" */,
				6D818F14249A45E2008943A1 /* XCRemoteSwiftPackageReference "SecureNetwork" */,
			);
			productRefGroup = 6D931FDB243228EF004C8A3C /* Products */;
			projectDirPath = "";
			projectRoot = "";
			targets = (
				6D931FD9243228EF004C8A3C /* MMBKitTester */,
				6D931FEF243228F1004C8A3C /* MMBKitTesterTests */,
			);
		};
/* End PBXProject section */

/* Begin PBXResourcesBuildPhase section */
		6D931FD8243228EF004C8A3C /* Resources */ = {
			isa = PBXResourcesBuildPhase;
			buildActionMask = 2147483647;
			files = (
				6D931FEA243228F1004C8A3C /* LaunchScreen.storyboard in Resources */,
				6DAF982C243B126900CF9AAA /* GoogleService-Info.plist in Resources */,
				6D931FE7243228F1004C8A3C /* Assets.xcassets in Resources */,
				6DFF0F8E245CBCFE0035C890 /* CustomKeyValueListAlert.xib in Resources */,
				6D931FE5243228EF004C8A3C /* Main.storyboard in Resources */,
				6DFF0F8A245CBC640035C890 /* CustomAlert.xib in Resources */,
				6F521711246A922C00F7E28E /* forms.json in Resources */,
				6F1E5A932476AC760013B111 /* OAUTHTableHeader.xib in Resources */,
				6F1E5A982476AEDF0013B111 /* OAUTHCollectionViewCell.xib in Resources */,
			);
			runOnlyForDeploymentPostprocessing = 0;
		};
		6D931FEE243228F1004C8A3C /* Resources */ = {
			isa = PBXResourcesBuildPhase;
			buildActionMask = 2147483647;
			files = (
			);
			runOnlyForDeploymentPostprocessing = 0;
		};
/* End PBXResourcesBuildPhase section */

/* Begin PBXShellScriptBuildPhase section */
		0FE9EA5913D0EC4F4E7CC24F /* [CP] Check Pods Manifest.lock */ = {
			isa = PBXShellScriptBuildPhase;
			buildActionMask = 2147483647;
			files = (
			);
			inputFileListPaths = (
			);
			inputPaths = (
				"${PODS_PODFILE_DIR_PATH}/Podfile.lock",
				"${PODS_ROOT}/Manifest.lock",
			);
			name = "[CP] Check Pods Manifest.lock";
			outputFileListPaths = (
			);
			outputPaths = (
				"$(DERIVED_FILE_DIR)/Pods-MMBKitTesterTests-checkManifestLockResult.txt",
			);
			runOnlyForDeploymentPostprocessing = 0;
			shellPath = /bin/sh;
			shellScript = "diff \"${PODS_PODFILE_DIR_PATH}/Podfile.lock\" \"${PODS_ROOT}/Manifest.lock\" > /dev/null\nif [ $? != 0 ] ; then\n    # print error to STDERR\n    echo \"error: The sandbox is not in sync with the Podfile.lock. Run 'pod install' or update your CocoaPods installation.\" >&2\n    exit 1\nfi\n# This output is used by Xcode 'outputs' to avoid re-running this script phase.\necho \"SUCCESS\" > \"${SCRIPT_OUTPUT_FILE_0}\"\n";
			showEnvVarsInLog = 0;
		};
		6D93202E2432A385004C8A3C /* SwiftLint */ = {
			isa = PBXShellScriptBuildPhase;
			buildActionMask = 2147483647;
			files = (
			);
			inputFileListPaths = (
			);
			inputPaths = (
			);
			name = SwiftLint;
			outputFileListPaths = (
			);
			outputPaths = (
			);
			runOnlyForDeploymentPostprocessing = 0;
			shellPath = /bin/sh;
			shellScript = "if which swiftlint >/dev/null; then\n  swiftlint\nelse\n  echo \"warning: SwiftLint not installed, download from https://github.com/realm/SwiftLint\"\nfi\n";
		};
		95E53F6E0D52333210561A3B /* [CP] Embed Pods Frameworks */ = {
			isa = PBXShellScriptBuildPhase;
			buildActionMask = 2147483647;
			files = (
			);
			inputFileListPaths = (
				"${PODS_ROOT}/Target Support Files/Pods-MMBKitTester/Pods-MMBKitTester-frameworks-${CONFIGURATION}-input-files.xcfilelist",
			);
			name = "[CP] Embed Pods Frameworks";
			outputFileListPaths = (
				"${PODS_ROOT}/Target Support Files/Pods-MMBKitTester/Pods-MMBKitTester-frameworks-${CONFIGURATION}-output-files.xcfilelist",
			);
			runOnlyForDeploymentPostprocessing = 0;
			shellPath = /bin/sh;
			shellScript = "\"${PODS_ROOT}/Target Support Files/Pods-MMBKitTester/Pods-MMBKitTester-frameworks.sh\"\n";
			showEnvVarsInLog = 0;
		};
		EABD452E9D24B189DB260C4A /* [CP] Check Pods Manifest.lock */ = {
			isa = PBXShellScriptBuildPhase;
			buildActionMask = 2147483647;
			files = (
			);
			inputFileListPaths = (
			);
			inputPaths = (
				"${PODS_PODFILE_DIR_PATH}/Podfile.lock",
				"${PODS_ROOT}/Manifest.lock",
			);
			name = "[CP] Check Pods Manifest.lock";
			outputFileListPaths = (
			);
			outputPaths = (
				"$(DERIVED_FILE_DIR)/Pods-MMBKitTester-checkManifestLockResult.txt",
			);
			runOnlyForDeploymentPostprocessing = 0;
			shellPath = /bin/sh;
			shellScript = "diff \"${PODS_PODFILE_DIR_PATH}/Podfile.lock\" \"${PODS_ROOT}/Manifest.lock\" > /dev/null\nif [ $? != 0 ] ; then\n    # print error to STDERR\n    echo \"error: The sandbox is not in sync with the Podfile.lock. Run 'pod install' or update your CocoaPods installation.\" >&2\n    exit 1\nfi\n# This output is used by Xcode 'outputs' to avoid re-running this script phase.\necho \"SUCCESS\" > \"${SCRIPT_OUTPUT_FILE_0}\"\n";
			showEnvVarsInLog = 0;
		};
/* End PBXShellScriptBuildPhase section */

/* Begin PBXSourcesBuildPhase section */
		6D931FD6243228EF004C8A3C /* Sources */ = {
			isa = PBXSourcesBuildPhase;
			buildActionMask = 2147483647;
			files = (
				6DAF9833243B33B900CF9AAA /* User.swift in Sources */,
				6D5754A124754CB100C23C48 /* AmountInputViewBinder.swift in Sources */,
				6F7E8E4B2476DAB700CBB524 /* ImageViewExtensions.swift in Sources */,
				6D932008243229C5004C8A3C /* ModulesViewController.swift in Sources */,
				6F52171B246AA88F00F7E28E /* MMBCheckBoxView.swift in Sources */,
				6DFF0F8C245CBCEB0035C890 /* CustomKeyValueListAlert.swift in Sources */,
				6D93201C243251B8004C8A3C /* SecureStoreViewController.swift in Sources */,
				6F1E5A8D2476A9290013B111 /* OAUTHViewController.swift in Sources */,
				6D93202B2432A2E8004C8A3C /* Module.swift in Sources */,
				6D8BA19F243A4977004493A9 /* CardDetailViewController.swift in Sources */,
				6F521717246AA28100F7E28E /* MMBTextField.swift in Sources */,
				6D8BA19B243A4869004493A9 /* AppLink.swift in Sources */,
				6F521734246C13E200F7E28E /* AccountViewBinder.swift in Sources */,
				6D9320312432A471004C8A3C /* UIViewController.swift in Sources */,
				6F521721246AE58700F7E28E /* MMBButtonBinder.swift in Sources */,
				6D5410D524474A50000A8B1D /* KVLabelViewController.swift in Sources */,
				6F96B69E2484EE5E00505B5E /* CryptographyViewController.swift in Sources */,
				6D5410DA24477ADE000A8B1D /* UIComponentsViewController.swift in Sources */,
				6D93201424324A83004C8A3C /* JailbreakDetectionViewController.swift in Sources */,
				6D93202224327225004C8A3C /* BaseTypeViewController.swift in Sources */,
				6FA73082246EAA8C00CA1B9E /* MMBTextViewBinder.swift in Sources */,
				6F1A93CA249229AD0073FB7E /* CustomPin.swift in Sources */,
				6D93200C24322AE3004C8A3C /* AccountSecurityViewController.swift in Sources */,
				6F521719246AA38A00F7E28E /* MMBTextFieldBinder.swift in Sources */,
				6D93201024323162004C8A3C /* PreventSnapshotsViewController.swift in Sources */,
				6D93202024325797004C8A3C /* SecureStoreReadViewController.swift in Sources */,
				6D8BA196243A44AD004493A9 /* OneLinkViewController.swift in Sources */,
				6D8BA19D243A495B004493A9 /* AnnouncementsViewController.swift in Sources */,
				6F521736246C17AA00F7E28E /* UIViewExtension.swift in Sources */,
				6D93200E24322BE7004C8A3C /* AppSecurityViewController.swift in Sources */,
				6F1E5A9A2476B6460013B111 /* OAUTHService.swift in Sources */,
				6D93201624324DDD004C8A3C /* SecureTextfieldViewController.swift in Sources */,
				6F52172A246AF4CA00F7E28E /* MMBRadioButtonItem.swift in Sources */,
				6D4E40132454DB3100B8CC67 /* KVListViewController.swift in Sources */,
				6F521723246AEBFA00F7E28E /* UIColor.swift in Sources */,
				6D931FDE243228EF004C8A3C /* AppDelegate.swift in Sources */,
				6F1A93C8249229050073FB7E /* PinLocatorViewController.swift in Sources */,
				6F1E5A972476AEDF0013B111 /* OAUTHCollectionViewCell.swift in Sources */,
				6D93201E24325773004C8A3C /* SecureStoreWriteViewController.swift in Sources */,
				6D93201824324F07004C8A3C /* PassCodeViewController.swift in Sources */,
				6F52172C246AFF7600F7E28E /* MMBRadioButtonViewBinder.swift in Sources */,
				6DAF9831243B308400CF9AAA /* FCMCurl.swift in Sources */,
				6DFF0F86245CBBB20035C890 /* CustomPopupsViewController.swift in Sources */,
				6F521714246A9A3200F7E28E /* UIDatePickerTextFieldBinder.swift in Sources */,
				6DBA5552248FAE4200751941 /* SpotifyModels.swift in Sources */,
				6F1E5A8B2476A5EF0013B111 /* SecureNetworkViewController.swift in Sources */,
				6D932012243248AE004C8A3C /* PreventRecordingViewController.swift in Sources */,
				6D93202D2432A30F004C8A3C /* SecureStoreType.swift in Sources */,
				6D9320262432964C004C8A3C /* BiometricsViewController.swift in Sources */,
				6F52171F246AE50F00F7E28E /* MMBButton.swift in Sources */,
				6DAF982F243B2F6C00CF9AAA /* NotificationPayload.swift in Sources */,
				6F52171D246AAB3500F7E28E /* MMBCheckBoxBinder.swift in Sources */,
				6F52172E246BCFEB00F7E28E /* StateMachineFormsService.swift in Sources */,
				6F1E5A922476AC760013B111 /* OAUTHTableHeader.swift in Sources */,
				6F521730246C10F900F7E28E /* AccountsViewController.swift in Sources */,
				6F521738246C1BED00F7E28E /* AccountSelectionCell.swift in Sources */,
				6D8DC0BF24596761005553BA /* AmountInputViewController.swift in Sources */,
				6F521709246A848200F7E28E /* StateMachineFormsViewController.swift in Sources */,
				6DC7EC65245F0F7C0023537C /* AddOnFeaturesViewController.swift in Sources */,
				6F521732246C11D800F7E28E /* AccountView.swift in Sources */,
				6F2528032487BBF200E5CAB0 /* CryptographyService.swift in Sources */,
				6F521725246AED9B00F7E28E /* UITextPickerBinder.swift in Sources */,
				6D93202424327B52004C8A3C /* ForceUpdateViewController.swift in Sources */,
				6F521727246AF2AA00F7E28E /* MMBRadioButtonView.swift in Sources */,
				6D9320282432966E004C8A3C /* TimedCacheViewController.swift in Sources */,
				6FA73080246EA8FD00CA1B9E /* MMBTextView.swift in Sources */,
				6DFF0F88245CBBF20035C890 /* CustomAlert.swift in Sources */,
			);
			runOnlyForDeploymentPostprocessing = 0;
		};
		6D931FEC243228F1004C8A3C /* Sources */ = {
			isa = PBXSourcesBuildPhase;
			buildActionMask = 2147483647;
			files = (
				6D931FF5243228F1004C8A3C /* MMBKitTesterTests.swift in Sources */,
			);
			runOnlyForDeploymentPostprocessing = 0;
		};
/* End PBXSourcesBuildPhase section */

/* Begin PBXTargetDependency section */
		6D931FF2243228F1004C8A3C /* PBXTargetDependency */ = {
			isa = PBXTargetDependency;
			target = 6D931FD9243228EF004C8A3C /* MMBKitTester */;
			targetProxy = 6D931FF1243228F1004C8A3C /* PBXContainerItemProxy */;
		};
/* End PBXTargetDependency section */

/* Begin PBXVariantGroup section */
		6D931FE3243228EF004C8A3C /* Main.storyboard */ = {
			isa = PBXVariantGroup;
			children = (
				6D931FE4243228EF004C8A3C /* Base */,
			);
			name = Main.storyboard;
			sourceTree = "<group>";
		};
		6D931FE8243228F1004C8A3C /* LaunchScreen.storyboard */ = {
			isa = PBXVariantGroup;
			children = (
				6D931FE9243228F1004C8A3C /* Base */,
			);
			name = LaunchScreen.storyboard;
			sourceTree = "<group>";
		};
/* End PBXVariantGroup section */

/* Begin XCBuildConfiguration section */
		6D931FF7243228F1004C8A3C /* Debug */ = {
			isa = XCBuildConfiguration;
			buildSettings = {
				ALWAYS_SEARCH_USER_PATHS = NO;
				CLANG_ANALYZER_NONNULL = YES;
				CLANG_ANALYZER_NUMBER_OBJECT_CONVERSION = YES_AGGRESSIVE;
				CLANG_CXX_LANGUAGE_STANDARD = "gnu++14";
				CLANG_CXX_LIBRARY = "libc++";
				CLANG_ENABLE_MODULES = YES;
				CLANG_ENABLE_OBJC_ARC = YES;
				CLANG_ENABLE_OBJC_WEAK = YES;
				CLANG_WARN_BLOCK_CAPTURE_AUTORELEASING = YES;
				CLANG_WARN_BOOL_CONVERSION = YES;
				CLANG_WARN_COMMA = YES;
				CLANG_WARN_CONSTANT_CONVERSION = YES;
				CLANG_WARN_DEPRECATED_OBJC_IMPLEMENTATIONS = YES;
				CLANG_WARN_DIRECT_OBJC_ISA_USAGE = YES_ERROR;
				CLANG_WARN_DOCUMENTATION_COMMENTS = YES;
				CLANG_WARN_EMPTY_BODY = YES;
				CLANG_WARN_ENUM_CONVERSION = YES;
				CLANG_WARN_INFINITE_RECURSION = YES;
				CLANG_WARN_INT_CONVERSION = YES;
				CLANG_WARN_NON_LITERAL_NULL_CONVERSION = YES;
				CLANG_WARN_OBJC_IMPLICIT_RETAIN_SELF = YES;
				CLANG_WARN_OBJC_LITERAL_CONVERSION = YES;
				CLANG_WARN_OBJC_ROOT_CLASS = YES_ERROR;
				CLANG_WARN_RANGE_LOOP_ANALYSIS = YES;
				CLANG_WARN_STRICT_PROTOTYPES = YES;
				CLANG_WARN_SUSPICIOUS_MOVE = YES;
				CLANG_WARN_UNGUARDED_AVAILABILITY = YES_AGGRESSIVE;
				CLANG_WARN_UNREACHABLE_CODE = YES;
				CLANG_WARN__DUPLICATE_METHOD_MATCH = YES;
				COPY_PHASE_STRIP = NO;
				DEBUG_INFORMATION_FORMAT = dwarf;
				ENABLE_STRICT_OBJC_MSGSEND = YES;
				ENABLE_TESTABILITY = YES;
				GCC_C_LANGUAGE_STANDARD = gnu11;
				GCC_DYNAMIC_NO_PIC = NO;
				GCC_NO_COMMON_BLOCKS = YES;
				GCC_OPTIMIZATION_LEVEL = 0;
				GCC_PREPROCESSOR_DEFINITIONS = (
					"DEBUG=1",
					"$(inherited)",
				);
				GCC_WARN_64_TO_32_BIT_CONVERSION = YES;
				GCC_WARN_ABOUT_RETURN_TYPE = YES_ERROR;
				GCC_WARN_UNDECLARED_SELECTOR = YES;
				GCC_WARN_UNINITIALIZED_AUTOS = YES_AGGRESSIVE;
				GCC_WARN_UNUSED_FUNCTION = YES;
				GCC_WARN_UNUSED_VARIABLE = YES;
				IPHONEOS_DEPLOYMENT_TARGET = 10.0;
				MTL_ENABLE_DEBUG_INFO = INCLUDE_SOURCE;
				MTL_FAST_MATH = YES;
				ONLY_ACTIVE_ARCH = YES;
				SDKROOT = iphoneos;
				SWIFT_ACTIVE_COMPILATION_CONDITIONS = DEBUG;
				SWIFT_OPTIMIZATION_LEVEL = "-Onone";
			};
			name = Debug;
		};
		6D931FF8243228F1004C8A3C /* Release */ = {
			isa = XCBuildConfiguration;
			buildSettings = {
				ALWAYS_SEARCH_USER_PATHS = NO;
				CLANG_ANALYZER_NONNULL = YES;
				CLANG_ANALYZER_NUMBER_OBJECT_CONVERSION = YES_AGGRESSIVE;
				CLANG_CXX_LANGUAGE_STANDARD = "gnu++14";
				CLANG_CXX_LIBRARY = "libc++";
				CLANG_ENABLE_MODULES = YES;
				CLANG_ENABLE_OBJC_ARC = YES;
				CLANG_ENABLE_OBJC_WEAK = YES;
				CLANG_WARN_BLOCK_CAPTURE_AUTORELEASING = YES;
				CLANG_WARN_BOOL_CONVERSION = YES;
				CLANG_WARN_COMMA = YES;
				CLANG_WARN_CONSTANT_CONVERSION = YES;
				CLANG_WARN_DEPRECATED_OBJC_IMPLEMENTATIONS = YES;
				CLANG_WARN_DIRECT_OBJC_ISA_USAGE = YES_ERROR;
				CLANG_WARN_DOCUMENTATION_COMMENTS = YES;
				CLANG_WARN_EMPTY_BODY = YES;
				CLANG_WARN_ENUM_CONVERSION = YES;
				CLANG_WARN_INFINITE_RECURSION = YES;
				CLANG_WARN_INT_CONVERSION = YES;
				CLANG_WARN_NON_LITERAL_NULL_CONVERSION = YES;
				CLANG_WARN_OBJC_IMPLICIT_RETAIN_SELF = YES;
				CLANG_WARN_OBJC_LITERAL_CONVERSION = YES;
				CLANG_WARN_OBJC_ROOT_CLASS = YES_ERROR;
				CLANG_WARN_RANGE_LOOP_ANALYSIS = YES;
				CLANG_WARN_STRICT_PROTOTYPES = YES;
				CLANG_WARN_SUSPICIOUS_MOVE = YES;
				CLANG_WARN_UNGUARDED_AVAILABILITY = YES_AGGRESSIVE;
				CLANG_WARN_UNREACHABLE_CODE = YES;
				CLANG_WARN__DUPLICATE_METHOD_MATCH = YES;
				COPY_PHASE_STRIP = NO;
				DEBUG_INFORMATION_FORMAT = "dwarf-with-dsym";
				ENABLE_NS_ASSERTIONS = NO;
				ENABLE_STRICT_OBJC_MSGSEND = YES;
				GCC_C_LANGUAGE_STANDARD = gnu11;
				GCC_NO_COMMON_BLOCKS = YES;
				GCC_WARN_64_TO_32_BIT_CONVERSION = YES;
				GCC_WARN_ABOUT_RETURN_TYPE = YES_ERROR;
				GCC_WARN_UNDECLARED_SELECTOR = YES;
				GCC_WARN_UNINITIALIZED_AUTOS = YES_AGGRESSIVE;
				GCC_WARN_UNUSED_FUNCTION = YES;
				GCC_WARN_UNUSED_VARIABLE = YES;
				IPHONEOS_DEPLOYMENT_TARGET = 10.0;
				MTL_ENABLE_DEBUG_INFO = NO;
				MTL_FAST_MATH = YES;
				SDKROOT = iphoneos;
				SWIFT_COMPILATION_MODE = wholemodule;
				SWIFT_OPTIMIZATION_LEVEL = "-O";
				VALIDATE_PRODUCT = YES;
			};
			name = Release;
		};
		6D931FFA243228F1004C8A3C /* Debug */ = {
			isa = XCBuildConfiguration;
			baseConfigurationReference = 7C55600B130C3D48F52FA44F /* Pods-MMBKitTester.debug.xcconfig */;
			buildSettings = {
				ASSETCATALOG_COMPILER_APPICON_NAME = AppIcon;
				CODE_SIGN_ENTITLEMENTS = MMBKitTester/MMBKitTester.entitlements;
				CODE_SIGN_IDENTITY = "Apple Development";
				CODE_SIGN_STYLE = Automatic;
				DEVELOPMENT_TEAM = RE9892F24F;
				FRAMEWORK_SEARCH_PATHS = (
					"$(inherited)",
					"$(PROJECT_DIR)",
				);
				INFOPLIST_FILE = MMBKitTester/Info.plist;
				LD_RUNPATH_SEARCH_PATHS = (
					"$(inherited)",
					"@executable_path/Frameworks",
				);
				LIBRARY_SEARCH_PATHS = (
					"$(inherited)",
					"$(PROJECT_DIR)",
				);
				MARKETING_VERSION = 1.0.0;
				PRODUCT_BUNDLE_IDENTIFIER = com.mobven.ios.MMBKitTester;
				PRODUCT_NAME = "$(TARGET_NAME)";
				PROVISIONING_PROFILE_SPECIFIER = "";
				SWIFT_VERSION = 5.0;
				TARGETED_DEVICE_FAMILY = "1,2";
			};
			name = Debug;
		};
		6D931FFB243228F1004C8A3C /* Release */ = {
			isa = XCBuildConfiguration;
			baseConfigurationReference = F07C7571CF87FD087315D3F1 /* Pods-MMBKitTester.release.xcconfig */;
			buildSettings = {
				ASSETCATALOG_COMPILER_APPICON_NAME = AppIcon;
				CODE_SIGN_ENTITLEMENTS = MMBKitTester/MMBKitTester.entitlements;
				CODE_SIGN_IDENTITY = "Apple Development";
				CODE_SIGN_STYLE = Automatic;
				DEVELOPMENT_TEAM = RE9892F24F;
				FRAMEWORK_SEARCH_PATHS = (
					"$(inherited)",
					"$(PROJECT_DIR)",
				);
				INFOPLIST_FILE = MMBKitTester/Info.plist;
				LD_RUNPATH_SEARCH_PATHS = (
					"$(inherited)",
					"@executable_path/Frameworks",
				);
				LIBRARY_SEARCH_PATHS = (
					"$(inherited)",
					"$(PROJECT_DIR)",
				);
				MARKETING_VERSION = 1.0.0;
				PRODUCT_BUNDLE_IDENTIFIER = com.mobven.ios.MMBKitTester;
				PRODUCT_NAME = "$(TARGET_NAME)";
				PROVISIONING_PROFILE_SPECIFIER = "";
				SWIFT_VERSION = 5.0;
				TARGETED_DEVICE_FAMILY = "1,2";
			};
			name = Release;
		};
		6D931FFD243228F1004C8A3C /* Debug */ = {
			isa = XCBuildConfiguration;
			baseConfigurationReference = A63A91710C4207F027CA8DC1 /* Pods-MMBKitTesterTests.debug.xcconfig */;
			buildSettings = {
				ALWAYS_EMBED_SWIFT_STANDARD_LIBRARIES = YES;
				BUNDLE_LOADER = "$(TEST_HOST)";
				CODE_SIGN_STYLE = Automatic;
				DEVELOPMENT_TEAM = RE9892F24F;
				INFOPLIST_FILE = MMBKitTesterTests/Info.plist;
				IPHONEOS_DEPLOYMENT_TARGET = 13.4;
				LD_RUNPATH_SEARCH_PATHS = (
					"$(inherited)",
					"@executable_path/Frameworks",
					"@loader_path/Frameworks",
				);
				PRODUCT_BUNDLE_IDENTIFIER = com.mobven.ios.MMBKitTesterTests;
				PRODUCT_NAME = "$(TARGET_NAME)";
				SWIFT_VERSION = 5.0;
				TARGETED_DEVICE_FAMILY = "1,2";
				TEST_HOST = "$(BUILT_PRODUCTS_DIR)/MMBKitTester.app/MMBKitTester";
			};
			name = Debug;
		};
		6D931FFE243228F1004C8A3C /* Release */ = {
			isa = XCBuildConfiguration;
			baseConfigurationReference = 071305D7D8766BA6E6741BDD /* Pods-MMBKitTesterTests.release.xcconfig */;
			buildSettings = {
				ALWAYS_EMBED_SWIFT_STANDARD_LIBRARIES = YES;
				BUNDLE_LOADER = "$(TEST_HOST)";
				CODE_SIGN_STYLE = Automatic;
				DEVELOPMENT_TEAM = RE9892F24F;
				INFOPLIST_FILE = MMBKitTesterTests/Info.plist;
				IPHONEOS_DEPLOYMENT_TARGET = 13.4;
				LD_RUNPATH_SEARCH_PATHS = (
					"$(inherited)",
					"@executable_path/Frameworks",
					"@loader_path/Frameworks",
				);
				PRODUCT_BUNDLE_IDENTIFIER = com.mobven.ios.MMBKitTesterTests;
				PRODUCT_NAME = "$(TARGET_NAME)";
				SWIFT_VERSION = 5.0;
				TARGETED_DEVICE_FAMILY = "1,2";
				TEST_HOST = "$(BUILT_PRODUCTS_DIR)/MMBKitTester.app/MMBKitTester";
			};
			name = Release;
		};
/* End XCBuildConfiguration section */

/* Begin XCConfigurationList section */
		6D931FD5243228EF004C8A3C /* Build configuration list for PBXProject "MMBKitTester" */ = {
			isa = XCConfigurationList;
			buildConfigurations = (
				6D931FF7243228F1004C8A3C /* Debug */,
				6D931FF8243228F1004C8A3C /* Release */,
			);
			defaultConfigurationIsVisible = 0;
			defaultConfigurationName = Release;
		};
		6D931FF9243228F1004C8A3C /* Build configuration list for PBXNativeTarget "MMBKitTester" */ = {
			isa = XCConfigurationList;
			buildConfigurations = (
				6D931FFA243228F1004C8A3C /* Debug */,
				6D931FFB243228F1004C8A3C /* Release */,
			);
			defaultConfigurationIsVisible = 0;
			defaultConfigurationName = Release;
		};
		6D931FFC243228F1004C8A3C /* Build configuration list for PBXNativeTarget "MMBKitTesterTests" */ = {
			isa = XCConfigurationList;
			buildConfigurations = (
				6D931FFD243228F1004C8A3C /* Debug */,
				6D931FFE243228F1004C8A3C /* Release */,
			);
			defaultConfigurationIsVisible = 0;
			defaultConfigurationName = Release;
		};
/* End XCConfigurationList section */

/* Begin XCRemoteSwiftPackageReference section */
		6D818F14249A45E2008943A1 /* XCRemoteSwiftPackageReference "SecureNetwork" */ = {
			isa = XCRemoteSwiftPackageReference;
			repositoryURL = "https://github.com/mobven/SecureNetwork.git";
			requirement = {
				branch = "feture/BKT-244";
				kind = branch;
			};
		};
		6DC7ECC6246018C10023537C /* XCRemoteSwiftPackageReference "UIComponents" */ = {
			isa = XCRemoteSwiftPackageReference;
			repositoryURL = "https://github.com/mobven/UIComponents.git";
			requirement = {
				branch = develop;
				kind = branch;
			};
		};
		6DC7ECC9246018D10023537C /* XCRemoteSwiftPackageReference "OneLink" */ = {
			isa = XCRemoteSwiftPackageReference;
			repositoryURL = "https://github.com/mobven/OneLink.git";
			requirement = {
				branch = develop;
				kind = branch;
			};
		};
		6DC7ECCC246018ED0023537C /* XCRemoteSwiftPackageReference "AppSecurity" */ = {
			isa = XCRemoteSwiftPackageReference;
			repositoryURL = "https://github.com/mobven/AppSecurity.git";
			requirement = {
				branch = develop;
				kind = branch;
			};
		};
		6DC7ECCF246019110023537C /* XCRemoteSwiftPackageReference "AccountSecurity" */ = {
			isa = XCRemoteSwiftPackageReference;
			repositoryURL = "https://github.com/mobven/AccountSecurity.git";
			requirement = {
				branch = develop;
				kind = branch;
			};
		};
		6F52170D246A8BAF00F7E28E /* XCRemoteSwiftPackageReference "StateMachineForms" */ = {
			isa = XCRemoteSwiftPackageReference;
			repositoryURL = "https://github.com/mobven/StateMachineForms.git";
			requirement = {
				branch = develop;
				kind = branch;
			};
		};
/* End XCRemoteSwiftPackageReference section */

/* Begin XCSwiftPackageProductDependency section */
		6D818F15249A45E2008943A1 /* SecureNetwork */ = {
			isa = XCSwiftPackageProductDependency;
			package = 6D818F14249A45E2008943A1 /* XCRemoteSwiftPackageReference "SecureNetwork" */;
			productName = SecureNetwork;
		};
		6DC7ECC7246018C10023537C /* UIComponents */ = {
			isa = XCSwiftPackageProductDependency;
			package = 6DC7ECC6246018C10023537C /* XCRemoteSwiftPackageReference "UIComponents" */;
			productName = UIComponents;
		};
		6DC7ECCA246018D10023537C /* OneLink */ = {
			isa = XCSwiftPackageProductDependency;
			package = 6DC7ECC9246018D10023537C /* XCRemoteSwiftPackageReference "OneLink" */;
			productName = OneLink;
		};
		6DC7ECCD246018ED0023537C /* AppSecurity */ = {
			isa = XCSwiftPackageProductDependency;
			package = 6DC7ECCC246018ED0023537C /* XCRemoteSwiftPackageReference "AppSecurity" */;
			productName = AppSecurity;
		};
		6DC7ECD0246019110023537C /* AccountSecurity */ = {
			isa = XCSwiftPackageProductDependency;
			package = 6DC7ECCF246019110023537C /* XCRemoteSwiftPackageReference "AccountSecurity" */;
			productName = AccountSecurity;
		};
		6F52170E246A8BAF00F7E28E /* StateMachineForms */ = {
			isa = XCSwiftPackageProductDependency;
			package = 6F52170D246A8BAF00F7E28E /* XCRemoteSwiftPackageReference "StateMachineForms" */;
			productName = StateMachineForms;
		};
/* End XCSwiftPackageProductDependency section */
	};
	rootObject = 6D931FD2243228EF004C8A3C /* Project object */;
}
